// !$*UTF8*$!
{
	archiveVersion = 1;
	classes = {
	};
	objectVersion = 46;
	objects = {

/* Begin PBXBuildFile section */
		86C1D17A1BA182C700BC4749 /* main.m in Sources */ = {isa = PBXBuildFile; fileRef = 86C1D1791BA182C700BC4749 /* main.m */; };
		86C1D17D1BA182C700BC4749 /* AppDelegate.m in Sources */ = {isa = PBXBuildFile; fileRef = 86C1D17C1BA182C700BC4749 /* AppDelegate.m */; };
		86C1D1801BA182C700BC4749 /* ViewController.m in Sources */ = {isa = PBXBuildFile; fileRef = 86C1D17F1BA182C700BC4749 /* ViewController.m */; };
		86C1D1831BA182C700BC4749 /* Main.storyboard in Resources */ = {isa = PBXBuildFile; fileRef = 86C1D1811BA182C700BC4749 /* Main.storyboard */; };
		86C1D1851BA182C700BC4749 /* Images.xcassets in Resources */ = {isa = PBXBuildFile; fileRef = 86C1D1841BA182C700BC4749 /* Images.xcassets */; };
		86C1D1881BA182C700BC4749 /* LaunchScreen.xib in Resources */ = {isa = PBXBuildFile; fileRef = 86C1D1861BA182C700BC4749 /* LaunchScreen.xib */; };
		86C1D1941BA182C700BC4749 /* MultiLingualTests.m in Sources */ = {isa = PBXBuildFile; fileRef = 86C1D1931BA182C700BC4749 /* MultiLingualTests.m */; };
		86C1D1A11BA1836800BC4749 /* Localizable.strings in Resources */ = {isa = PBXBuildFile; fileRef = 86C1D1A31BA1836800BC4749 /* Localizable.strings */; };
/* End PBXBuildFile section */

/* Begin PBXContainerItemProxy section */
		86C1D18E1BA182C700BC4749 /* PBXContainerItemProxy */ = {
			isa = PBXContainerItemProxy;
			containerPortal = 86C1D16C1BA182C700BC4749 /* Project object */;
			proxyType = 1;
			remoteGlobalIDString = 86C1D1731BA182C700BC4749;
			remoteInfo = MultiLingual;
		};
/* End PBXContainerItemProxy section */

/* Begin PBXFileReference section */
		86C1D1741BA182C700BC4749 /* MultiLingual.app */ = {isa = PBXFileReference; explicitFileType = wrapper.application; includeInIndex = 0; path = MultiLingual.app; sourceTree = BUILT_PRODUCTS_DIR; };
		86C1D1781BA182C700BC4749 /* Info.plist */ = {isa = PBXFileReference; lastKnownFileType = text.plist.xml; path = Info.plist; sourceTree = "<group>"; };
		86C1D1791BA182C700BC4749 /* main.m */ = {isa = PBXFileReference; lastKnownFileType = sourcecode.c.objc; path = main.m; sourceTree = "<group>"; };
		86C1D17B1BA182C700BC4749 /* AppDelegate.h */ = {isa = PBXFileReference; lastKnownFileType = sourcecode.c.h; path = AppDelegate.h; sourceTree = "<group>"; };
		86C1D17C1BA182C700BC4749 /* AppDelegate.m */ = {isa = PBXFileReference; lastKnownFileType = sourcecode.c.objc; path = AppDelegate.m; sourceTree = "<group>"; };
		86C1D17E1BA182C700BC4749 /* ViewController.h */ = {isa = PBXFileReference; lastKnownFileType = sourcecode.c.h; path = ViewController.h; sourceTree = "<group>"; };
		86C1D17F1BA182C700BC4749 /* ViewController.m */ = {isa = PBXFileReference; lastKnownFileType = sourcecode.c.objc; path = ViewController.m; sourceTree = "<group>"; };
		86C1D1821BA182C700BC4749 /* Base */ = {isa = PBXFileReference; lastKnownFileType = file.storyboard; name = Base; path = Base.lproj/Main.storyboard; sourceTree = "<group>"; };
		86C1D1841BA182C700BC4749 /* Images.xcassets */ = {isa = PBXFileReference; lastKnownFileType = folder.assetcatalog; path = Images.xcassets; sourceTree = "<group>"; };
		86C1D1871BA182C700BC4749 /* Base */ = {isa = PBXFileReference; lastKnownFileType = file.xib; name = Base; path = Base.lproj/LaunchScreen.xib; sourceTree = "<group>"; };
		86C1D18D1BA182C700BC4749 /* MultiLingualTests.xctest */ = {isa = PBXFileReference; explicitFileType = wrapper.cfbundle; includeInIndex = 0; path = MultiLingualTests.xctest; sourceTree = BUILT_PRODUCTS_DIR; };
		86C1D1921BA182C700BC4749 /* Info.plist */ = {isa = PBXFileReference; lastKnownFileType = text.plist.xml; path = Info.plist; sourceTree = "<group>"; };
		86C1D1931BA182C700BC4749 /* MultiLingualTests.m */ = {isa = PBXFileReference; lastKnownFileType = sourcecode.c.objc; path = MultiLingualTests.m; sourceTree = "<group>"; };
		86C1D1A01BA1836000BC4749 /* es */ = {isa = PBXFileReference; lastKnownFileType = text.plist.strings; name = es; path = es.lproj/LaunchScreen.strings; sourceTree = "<group>"; };
		86C1D1A21BA1836800BC4749 /* en */ = {isa = PBXFileReference; lastKnownFileType = text.plist.strings; name = en; path = en.lproj/Localizable.strings; sourceTree = "<group>"; };
		86C1D1A41BA1836B00BC4749 /* es */ = {isa = PBXFileReference; lastKnownFileType = text.plist.strings; name = es; path = es.lproj/Localizable.strings; sourceTree = "<group>"; };
		86C1D1A61BA1850A00BC4749 /* es */ = {isa = PBXFileReference; lastKnownFileType = text.plist.strings; name = es; path = es.lproj/Main.strings; sourceTree = "<group>"; };
/* End PBXFileReference section */

/* Begin PBXFrameworksBuildPhase section */
		86C1D1711BA182C700BC4749 /* Frameworks */ = {
			isa = PBXFrameworksBuildPhase;
			buildActionMask = 2147483647;
			files = (
			);
			runOnlyForDeploymentPostprocessing = 0;
		};
		86C1D18A1BA182C700BC4749 /* Frameworks */ = {
			isa = PBXFrameworksBuildPhase;
			buildActionMask = 2147483647;
			files = (
			);
			runOnlyForDeploymentPostprocessing = 0;
		};
/* End PBXFrameworksBuildPhase section */

/* Begin PBXGroup section */
		86C1D16B1BA182C700BC4749 = {
			isa = PBXGroup;
			children = (
				86C1D1761BA182C700BC4749 /* MultiLingual */,
				86C1D1901BA182C700BC4749 /* MultiLingualTests */,
				86C1D1751BA182C700BC4749 /* Products */,
			);
			sourceTree = "<group>";
		};
		86C1D1751BA182C700BC4749 /* Products */ = {
			isa = PBXGroup;
			children = (
				86C1D1741BA182C700BC4749 /* MultiLingual.app */,
				86C1D18D1BA182C700BC4749 /* MultiLingualTests.xctest */,
			);
			name = Products;
			sourceTree = "<group>";
		};
		86C1D1761BA182C700BC4749 /* MultiLingual */ = {
			isa = PBXGroup;
			children = (
				86C1D17B1BA182C700BC4749 /* AppDelegate.h */,
				86C1D17C1BA182C700BC4749 /* AppDelegate.m */,
				86C1D17E1BA182C700BC4749 /* ViewController.h */,
				86C1D17F1BA182C700BC4749 /* ViewController.m */,
				86C1D1811BA182C700BC4749 /* Main.storyboard */,
				86C1D1841BA182C700BC4749 /* Images.xcassets */,
				86C1D1861BA182C700BC4749 /* LaunchScreen.xib */,
				86C1D1771BA182C700BC4749 /* Supporting Files */,
			);
			path = MultiLingual;
			sourceTree = "<group>";
		};
		86C1D1771BA182C700BC4749 /* Supporting Files */ = {
			isa = PBXGroup;
			children = (
				86C1D1781BA182C700BC4749 /* Info.plist */,
				86C1D1791BA182C700BC4749 /* main.m */,
				86C1D1A31BA1836800BC4749 /* Localizable.strings */,
			);
			name = "Supporting Files";
			sourceTree = "<group>";
		};
		86C1D1901BA182C700BC4749 /* MultiLingualTests */ = {
			isa = PBXGroup;
			children = (
				86C1D1931BA182C700BC4749 /* MultiLingualTests.m */,
				86C1D1911BA182C700BC4749 /* Supporting Files */,
			);
			path = MultiLingualTests;
			sourceTree = "<group>";
		};
		86C1D1911BA182C700BC4749 /* Supporting Files */ = {
			isa = PBXGroup;
			children = (
				86C1D1921BA182C700BC4749 /* Info.plist */,
			);
			name = "Supporting Files";
			sourceTree = "<group>";
		};
/* End PBXGroup section */

/* Begin PBXNativeTarget section */
		86C1D1731BA182C700BC4749 /* MultiLingual */ = {
			isa = PBXNativeTarget;
			buildConfigurationList = 86C1D1971BA182C700BC4749 /* Build configuration list for PBXNativeTarget "MultiLingual" */;
			buildPhases = (
				86C1D1701BA182C700BC4749 /* Sources */,
				86C1D1711BA182C700BC4749 /* Frameworks */,
				86C1D1721BA182C700BC4749 /* Resources */,
			);
			buildRules = (
			);
			dependencies = (
			);
			name = MultiLingual;
			productName = MultiLingual;
			productReference = 86C1D1741BA182C700BC4749 /* MultiLingual.app */;
			productType = "com.apple.product-type.application";
		};
		86C1D18C1BA182C700BC4749 /* MultiLingualTests */ = {
			isa = PBXNativeTarget;
			buildConfigurationList = 86C1D19A1BA182C700BC4749 /* Build configuration list for PBXNativeTarget "MultiLingualTests" */;
			buildPhases = (
				86C1D1891BA182C700BC4749 /* Sources */,
				86C1D18A1BA182C700BC4749 /* Frameworks */,
				86C1D18B1BA182C700BC4749 /* Resources */,
			);
			buildRules = (
			);
			dependencies = (
				86C1D18F1BA182C700BC4749 /* PBXTargetDependency */,
			);
			name = MultiLingualTests;
			productName = MultiLingualTests;
			productReference = 86C1D18D1BA182C700BC4749 /* MultiLingualTests.xctest */;
			productType = "com.apple.product-type.bundle.unit-test";
		};
/* End PBXNativeTarget section */

/* Begin PBXProject section */
		86C1D16C1BA182C700BC4749 /* Project object */ = {
			isa = PBXProject;
			attributes = {
				LastUpgradeCheck = 0640;
				ORGANIZATIONNAME = "Arafat Khan";
				TargetAttributes = {
					86C1D1731BA182C700BC4749 = {
						CreatedOnToolsVersion = 6.4;
					};
					86C1D18C1BA182C700BC4749 = {
						CreatedOnToolsVersion = 6.4;
						TestTargetID = 86C1D1731BA182C700BC4749;
					};
				};
			};
			buildConfigurationList = 86C1D16F1BA182C700BC4749 /* Build configuration list for PBXProject "MultiLingual" */;
			compatibilityVersion = "Xcode 3.2";
			developmentRegion = English;
			hasScannedForEncodings = 0;
			knownRegions = (
				en,
				Base,
				es,
			);
			mainGroup = 86C1D16B1BA182C700BC4749;
			productRefGroup = 86C1D1751BA182C700BC4749 /* Products */;
			projectDirPath = "";
			projectRoot = "";
			targets = (
				86C1D1731BA182C700BC4749 /* MultiLingual */,
				86C1D18C1BA182C700BC4749 /* MultiLingualTests */,
			);
		};
/* End PBXProject section */

/* Begin PBXResourcesBuildPhase section */
		86C1D1721BA182C700BC4749 /* Resources */ = {
			isa = PBXResourcesBuildPhase;
			buildActionMask = 2147483647;
			files = (
				86C1D1831BA182C700BC4749 /* Main.storyboard in Resources */,
				86C1D1A11BA1836800BC4749 /* Localizable.strings in Resources */,
				86C1D1881BA182C700BC4749 /* LaunchScreen.xib in Resources */,
				86C1D1851BA182C700BC4749 /* Images.xcassets in Resources */,
			);
			runOnlyForDeploymentPostprocessing = 0;
		};
		86C1D18B1BA182C700BC4749 /* Resources */ = {
			isa = PBXResourcesBuildPhase;
			buildActionMask = 2147483647;
			files = (
			);
			runOnlyForDeploymentPostprocessing = 0;
		};
/* End PBXResourcesBuildPhase section */

/* Begin PBXSourcesBuildPhase section */
		86C1D1701BA182C700BC4749 /* Sources */ = {
			isa = PBXSourcesBuildPhase;
			buildActionMask = 2147483647;
			files = (
				86C1D1801BA182C700BC4749 /* ViewController.m in Sources */,
				86C1D17D1BA182C700BC4749 /* AppDelegate.m in Sources */,
				86C1D17A1BA182C700BC4749 /* main.m in Sources */,
			);
			runOnlyForDeploymentPostprocessing = 0;
		};
		86C1D1891BA182C700BC4749 /* Sources */ = {
			isa = PBXSourcesBuildPhase;
			buildActionMask = 2147483647;
			files = (
				86C1D1941BA182C700BC4749 /* MultiLingualTests.m in Sources */,
			);
			runOnlyForDeploymentPostprocessing = 0;
		};
/* End PBXSourcesBuildPhase section */

/* Begin PBXTargetDependency section */
		86C1D18F1BA182C700BC4749 /* PBXTargetDependency */ = {
			isa = PBXTargetDependency;
			target = 86C1D1731BA182C700BC4749 /* MultiLingual */;
			targetProxy = 86C1D18E1BA182C700BC4749 /* PBXContainerItemProxy */;
		};
/* End PBXTargetDependency section */

/* Begin PBXVariantGroup section */
		86C1D1811BA182C700BC4749 /* Main.storyboard */ = {
			isa = PBXVariantGroup;
			children = (
				86C1D1821BA182C700BC4749 /* Base */,
				86C1D1A61BA1850A00BC4749 /* es */,
			);
			name = Main.storyboard;
			sourceTree = "<group>";
		};
		86C1D1861BA182C700BC4749 /* LaunchScreen.xib */ = {
			isa = PBXVariantGroup;
			children = (
				86C1D1871BA182C700BC4749 /* Base */,
				86C1D1A01BA1836000BC4749 /* es */,
			);
			name = LaunchScreen.xib;
			sourceTree = "<group>";
		};
		86C1D1A31BA1836800BC4749 /* Localizable.strings */ = {
			isa = PBXVariantGroup;
			children = (
				86C1D1A21BA1836800BC4749 /* en */,
				86C1D1A41BA1836B00BC4749 /* es */,
			);
			name = Localizable.strings;
			sourceTree = "<group>";
		};
/* End PBXVariantGroup section */

/* Begin XCBuildConfiguration section */
		86C1D1951BA182C700BC4749 /* Debug */ = {
			isa = XCBuildConfiguration;
			buildSettings = {
				ALWAYS_SEARCH_USER_PATHS = NO;
				CLANG_CXX_LANGUAGE_STANDARD = "gnu++0x";
				CLANG_CXX_LIBRARY = "libc++";
				CLANG_ENABLE_MODULES = YES;
				CLANG_ENABLE_OBJC_ARC = YES;
				CLANG_WARN_BOOL_CONVERSION = YES;
				CLANG_WARN_CONSTANT_CONVERSION = YES;
				CLANG_WARN_DIRECT_OBJC_ISA_USAGE = YES_ERROR;
				CLANG_WARN_EMPTY_BODY = YES;
				CLANG_WARN_ENUM_CONVERSION = YES;
				CLANG_WARN_INT_CONVERSION = YES;
				CLANG_WARN_OBJC_ROOT_CLASS = YES_ERROR;
				CLANG_WARN_UNREACHABLE_CODE = YES;
				CLANG_WARN__DUPLICATE_METHOD_MATCH = YES;
				"CODE_SIGN_IDENTITY[sdk=iphoneos*]" = "iPhone Developer";
				COPY_PHASE_STRIP = NO;
				DEBUG_INFORMATION_FORMAT = "dwarf-with-dsym";
				ENABLE_STRICT_OBJC_MSGSEND = YES;
				GCC_C_LANGUAGE_STANDARD = gnu99;
				GCC_DYNAMIC_NO_PIC = NO;
				GCC_NO_COMMON_BLOCKS = YES;
				GCC_OPTIMIZATION_LEVEL = 0;
				GCC_PREPROCESSOR_DEFINITIONS = (
					"DEBUG=1",
					"$(inherited)",
				);
				GCC_SYMBOLS_PRIVATE_EXTERN = NO;
				GCC_WARN_64_TO_32_BIT_CONVERSION = YES;
				GCC_WARN_ABOUT_RETURN_TYPE = YES_ERROR;
				GCC_WARN_UNDECLARED_SELECTOR = YES;
				GCC_WARN_UNINITIALIZED_AUTOS = YES_AGGRESSIVE;
				GCC_WARN_UNUSED_FUNCTION = YES;
				GCC_WARN_UNUSED_VARIABLE = YES;
				IPHONEOS_DEPLOYMENT_TARGET = 8.4;
				MTL_ENABLE_DEBUG_INFO = YES;
				ONLY_ACTIVE_ARCH = YES;
				SDKROOT = iphoneos;
			};
			name = Debug;
		};
		86C1D1961BA182C700BC4749 /* Release */ = {
			isa = XCBuildConfiguration;
			buildSettings = {
				ALWAYS_SEARCH_USER_PATHS = NO;
				CLANG_CXX_LANGUAGE_STANDARD = "gnu++0x";
				CLANG_CXX_LIBRARY = "libc++";
				CLANG_ENABLE_MODULES = YES;
				CLANG_ENABLE_OBJC_ARC = YES;
				CLANG_WARN_BOOL_CONVERSION = YES;
				CLANG_WARN_CONSTANT_CONVERSION = YES;
				CLANG_WARN_DIRECT_OBJC_ISA_USAGE = YES_ERROR;
				CLANG_WARN_EMPTY_BODY = YES;
				CLANG_WARN_ENUM_CONVERSION = YES;
				CLANG_WARN_INT_CONVERSION = YES;
				CLANG_WARN_OBJC_ROOT_CLASS = YES_ERROR;
				CLANG_WARN_UNREACHABLE_CODE = YES;
				CLANG_WARN__DUPLICATE_METHOD_MATCH = YES;
				"CODE_SIGN_IDENTITY[sdk=iphoneos*]" = "iPhone Developer";
				COPY_PHASE_STRIP = NO;
				DEBUG_INFORMATION_FORMAT = "dwarf-with-dsym";
				ENABLE_NS_ASSERTIONS = NO;
				ENABLE_STRICT_OBJC_MSGSEND = YES;
				GCC_C_LANGUAGE_STANDARD = gnu99;
				GCC_NO_COMMON_BLOCKS = YES;
				GCC_WARN_64_TO_32_BIT_CONVERSION = YES;
				GCC_WARN_ABOUT_RETURN_TYPE = YES_ERROR;
				GCC_WARN_UNDECLARED_SELECTOR = YES;
				GCC_WARN_UNINITIALIZED_AUTOS = YES_AGGRESSIVE;
				GCC_WARN_UNUSED_FUNCTION = YES;
				GCC_WARN_UNUSED_VARIABLE = YES;
				IPHONEOS_DEPLOYMENT_TARGET = 8.4;
				MTL_ENABLE_DEBUG_INFO = NO;
				SDKROOT = iphoneos;
				VALIDATE_PRODUCT = YES;
			};
			name = Release;
		};
		86C1D1981BA182C700BC4749 /* Debug */ = {
			isa = XCBuildConfiguration;
			buildSettings = {
				ASSETCATALOG_COMPILER_APPICON_NAME = AppIcon;
				INFOPLIST_FILE = MultiLingual/Info.plist;
				LD_RUNPATH_SEARCH_PATHS = "$(inherited) @executable_path/Frameworks";
				PRODUCT_NAME = "$(TARGET_NAME)";
			};
			name = Debug;
		};
		86C1D1991BA182C700BC4749 /* Release */ = {
			isa = XCBuildConfiguration;
			buildSettings = {
				ASSETCATALOG_COMPILER_APPICON_NAME = AppIcon;
				INFOPLIST_FILE = MultiLingual/Info.plist;
				LD_RUNPATH_SEARCH_PATHS = "$(inherited) @executable_path/Frameworks";
				PRODUCT_NAME = "$(TARGET_NAME)";
			};
			name = Release;
		};
		86C1D19B1BA182C700BC4749 /* Debug */ = {
			isa = XCBuildConfiguration;
			buildSettings = {
				BUNDLE_LOADER = "$(TEST_HOST)";
				FRAMEWORK_SEARCH_PATHS = (
					"$(SDKROOT)/Developer/Library/Frameworks",
					"$(inherited)",
				);
				GCC_PREPROCESSOR_DEFINITIONS = (
					"DEBUG=1",
					"$(inherited)",
				);
				INFOPLIST_FILE = MultiLingualTests/Info.plist;
				LD_RUNPATH_SEARCH_PATHS = "$(inherited) @executable_path/Frameworks @loader_path/Frameworks";
				PRODUCT_NAME = "$(TARGET_NAME)";
				TEST_HOST = "$(BUILT_PRODUCTS_DIR)/MultiLingual.app/MultiLingual";
			};
			name = Debug;
		};
		86C1D19C1BA182C700BC4749 /* Release */ = {
			isa = XCBuildConfiguration;
			buildSettings = {
				BUNDLE_LOADER = "$(TEST_HOST)";
				FRAMEWORK_SEARCH_PATHS = (
					"$(SDKROOT)/Developer/Library/Frameworks",
					"$(inherited)",
				);
				INFOPLIST_FILE = MultiLingualTests/Info.plist;
				LD_RUNPATH_SEARCH_PATHS = "$(inherited) @executable_path/Frameworks @loader_path/Frameworks";
				PRODUCT_NAME = "$(TARGET_NAME)";
				TEST_HOST = "$(BUILT_PRODUCTS_DIR)/MultiLingual.app/MultiLingual";
			};
			name = Release;
		};
/* End XCBuildConfiguration section */

/* Begin XCConfigurationList section */
		86C1D16F1BA182C700BC4749 /* Build configuration list for PBXProject "MultiLingual" */ = {
			isa = XCConfigurationList;
			buildConfigurations = (
				86C1D1951BA182C700BC4749 /* Debug */,
				86C1D1961BA182C700BC4749 /* Release */,
			);
			defaultConfigurationIsVisible = 0;
			defaultConfigurationName = Release;
		};
		86C1D1971BA182C700BC4749 /* Build configuration list for PBXNativeTarget "MultiLingual" */ = {
			isa = XCConfigurationList;
			buildConfigurations = (
				86C1D1981BA182C700BC4749 /* Debug */,
				86C1D1991BA182C700BC4749 /* Release */,
			);
			defaultConfigurationIsVisible = 0;
		};
		86C1D19A1BA182C700BC4749 /* Build configuration list for PBXNativeTarget "MultiLingualTests" */ = {
			isa = XCConfigurationList;
			buildConfigurations = (
				86C1D19B1BA182C700BC4749 /* Debug */,
				86C1D19C1BA182C700BC4749 /* Release */,
			);
			defaultConfigurationIsVisible = 0;
		};
/* End XCConfigurationList section */
	};
	rootObject = 86C1D16C1BA182C700BC4749 /* Project object */;
}
